// !$*UTF8*$!
{
	archiveVersion = 1;
	classes = {
	};
	objectVersion = 56;
	objects = {

/* Begin PBXBuildFile section */
		5A7299BA2A9E6ADE00351AFF /* AppDelegate.swift in Sources */ = {isa = PBXBuildFile; fileRef = 5A7299B92A9E6ADE00351AFF /* AppDelegate.swift */; };
		5A7299BC2A9E6ADE00351AFF /* SceneDelegate.swift in Sources */ = {isa = PBXBuildFile; fileRef = 5A7299BB2A9E6ADE00351AFF /* SceneDelegate.swift */; };
		5A7299BE2A9E6ADE00351AFF /* ViewController.swift in Sources */ = {isa = PBXBuildFile; fileRef = 5A7299BD2A9E6ADE00351AFF /* ViewController.swift */; };
		5A7299C12A9E6ADE00351AFF /* Main.storyboard in Resources */ = {isa = PBXBuildFile; fileRef = 5A7299BF2A9E6ADE00351AFF /* Main.storyboard */; };
		5A7299C32A9E6AE000351AFF /* Assets.xcassets in Resources */ = {isa = PBXBuildFile; fileRef = 5A7299C22A9E6AE000351AFF /* Assets.xcassets */; };
		5A7299C62A9E6AE000351AFF /* LaunchScreen.storyboard in Resources */ = {isa = PBXBuildFile; fileRef = 5A7299C42A9E6AE000351AFF /* LaunchScreen.storyboard */; };
		5A7299D12A9E6AE000351AFF /* medicamaisTests.swift in Sources */ = {isa = PBXBuildFile; fileRef = 5A7299D02A9E6AE000351AFF /* medicamaisTests.swift */; };
		5A7299DB2A9E6AE000351AFF /* medicamaisUITests.swift in Sources */ = {isa = PBXBuildFile; fileRef = 5A7299DA2A9E6AE000351AFF /* medicamaisUITests.swift */; };
		5A7299DD2A9E6AE000351AFF /* medicamaisUITestsLaunchTests.swift in Sources */ = {isa = PBXBuildFile; fileRef = 5A7299DC2A9E6AE000351AFF /* medicamaisUITestsLaunchTests.swift */; };
/* End PBXBuildFile section */

/* Begin PBXContainerItemProxy section */
		5A7299CD2A9E6AE000351AFF /* PBXContainerItemProxy */ = {
			isa = PBXContainerItemProxy;
			containerPortal = 5A7299AE2A9E6ADE00351AFF /* Project object */;
			proxyType = 1;
			remoteGlobalIDString = 5A7299B52A9E6ADE00351AFF;
			remoteInfo = medicamais;
		};
		5A7299D72A9E6AE000351AFF /* PBXContainerItemProxy */ = {
			isa = PBXContainerItemProxy;
			containerPortal = 5A7299AE2A9E6ADE00351AFF /* Project object */;
			proxyType = 1;
			remoteGlobalIDString = 5A7299B52A9E6ADE00351AFF;
			remoteInfo = medicamais;
		};
/* End PBXContainerItemProxy section */

/* Begin PBXFileReference section */
		5A7299B62A9E6ADE00351AFF /* medicamais.app */ = {isa = PBXFileReference; explicitFileType = wrapper.application; includeInIndex = 0; path = medicamais.app; sourceTree = BUILT_PRODUCTS_DIR; };
		5A7299B92A9E6ADE00351AFF /* AppDelegate.swift */ = {isa = PBXFileReference; lastKnownFileType = sourcecode.swift; path = AppDelegate.swift; sourceTree = "<group>"; };
		5A7299BB2A9E6ADE00351AFF /* SceneDelegate.swift */ = {isa = PBXFileReference; lastKnownFileType = sourcecode.swift; path = SceneDelegate.swift; sourceTree = "<group>"; };
		5A7299BD2A9E6ADE00351AFF /* ViewController.swift */ = {isa = PBXFileReference; lastKnownFileType = sourcecode.swift; path = ViewController.swift; sourceTree = "<group>"; };
		5A7299C02A9E6ADE00351AFF /* Base */ = {isa = PBXFileReference; lastKnownFileType = file.storyboard; name = Base; path = Base.lproj/Main.storyboard; sourceTree = "<group>"; };
		5A7299C22A9E6AE000351AFF /* Assets.xcassets */ = {isa = PBXFileReference; lastKnownFileType = folder.assetcatalog; path = Assets.xcassets; sourceTree = "<group>"; };
		5A7299C52A9E6AE000351AFF /* Base */ = {isa = PBXFileReference; lastKnownFileType = file.storyboard; name = Base; path = Base.lproj/LaunchScreen.storyboard; sourceTree = "<group>"; };
		5A7299C72A9E6AE000351AFF /* Info.plist */ = {isa = PBXFileReference; lastKnownFileType = text.plist.xml; path = Info.plist; sourceTree = "<group>"; };
		5A7299CC2A9E6AE000351AFF /* medicamaisTests.xctest */ = {isa = PBXFileReference; explicitFileType = wrapper.cfbundle; includeInIndex = 0; path = medicamaisTests.xctest; sourceTree = BUILT_PRODUCTS_DIR; };
		5A7299D02A9E6AE000351AFF /* medicamaisTests.swift */ = {isa = PBXFileReference; lastKnownFileType = sourcecode.swift; path = medicamaisTests.swift; sourceTree = "<group>"; };
		5A7299D62A9E6AE000351AFF /* medicamaisUITests.xctest */ = {isa = PBXFileReference; explicitFileType = wrapper.cfbundle; includeInIndex = 0; path = medicamaisUITests.xctest; sourceTree = BUILT_PRODUCTS_DIR; };
		5A7299DA2A9E6AE000351AFF /* medicamaisUITests.swift */ = {isa = PBXFileReference; lastKnownFileType = sourcecode.swift; path = medicamaisUITests.swift; sourceTree = "<group>"; };
		5A7299DC2A9E6AE000351AFF /* medicamaisUITestsLaunchTests.swift */ = {isa = PBXFileReference; lastKnownFileType = sourcecode.swift; path = medicamaisUITestsLaunchTests.swift; sourceTree = "<group>"; };
/* End PBXFileReference section */

/* Begin PBXFrameworksBuildPhase section */
		5A7299B32A9E6ADE00351AFF /* Frameworks */ = {
			isa = PBXFrameworksBuildPhase;
			buildActionMask = 2147483647;
			files = (
			);
			runOnlyForDeploymentPostprocessing = 0;
		};
		5A7299C92A9E6AE000351AFF /* Frameworks */ = {
			isa = PBXFrameworksBuildPhase;
			buildActionMask = 2147483647;
			files = (
			);
			runOnlyForDeploymentPostprocessing = 0;
		};
		5A7299D32A9E6AE000351AFF /* Frameworks */ = {
			isa = PBXFrameworksBuildPhase;
			buildActionMask = 2147483647;
			files = (
			);
			runOnlyForDeploymentPostprocessing = 0;
		};
/* End PBXFrameworksBuildPhase section */

/* Begin PBXGroup section */
		5A7299AD2A9E6ADE00351AFF = {
			isa = PBXGroup;
			children = (
				5A7299B82A9E6ADE00351AFF /* medicamais */,
				5A7299CF2A9E6AE000351AFF /* medicamaisTests */,
				5A7299D92A9E6AE000351AFF /* medicamaisUITests */,
				5A7299B72A9E6ADE00351AFF /* Products */,
			);
			sourceTree = "<group>";
		};
		5A7299B72A9E6ADE00351AFF /* Products */ = {
			isa = PBXGroup;
			children = (
				5A7299B62A9E6ADE00351AFF /* medicamais.app */,
				5A7299CC2A9E6AE000351AFF /* medicamaisTests.xctest */,
				5A7299D62A9E6AE000351AFF /* medicamaisUITests.xctest */,
			);
			name = Products;
			sourceTree = "<group>";
		};
		5A7299B82A9E6ADE00351AFF /* medicamais */ = {
			isa = PBXGroup;
			children = (
				5A7299B92A9E6ADE00351AFF /* AppDelegate.swift */,
				5A7299BB2A9E6ADE00351AFF /* SceneDelegate.swift */,
				5A7299BD2A9E6ADE00351AFF /* ViewController.swift */,
				5A7299BF2A9E6ADE00351AFF /* Main.storyboard */,
				5A7299C22A9E6AE000351AFF /* Assets.xcassets */,
				5A7299C42A9E6AE000351AFF /* LaunchScreen.storyboard */,
				5A7299C72A9E6AE000351AFF /* Info.plist */,
			);
			path = medicamais;
			sourceTree = "<group>";
		};
		5A7299CF2A9E6AE000351AFF /* medicamaisTests */ = {
			isa = PBXGroup;
			children = (
				5A7299D02A9E6AE000351AFF /* medicamaisTests.swift */,
			);
			path = medicamaisTests;
			sourceTree = "<group>";
		};
		5A7299D92A9E6AE000351AFF /* medicamaisUITests */ = {
			isa = PBXGroup;
			children = (
				5A7299DA2A9E6AE000351AFF /* medicamaisUITests.swift */,
				5A7299DC2A9E6AE000351AFF /* medicamaisUITestsLaunchTests.swift */,
			);
			path = medicamaisUITests;
			sourceTree = "<group>";
		};
/* End PBXGroup section */

/* Begin PBXNativeTarget section */
		5A7299B52A9E6ADE00351AFF /* medicamais */ = {
			isa = PBXNativeTarget;
			buildConfigurationList = 5A7299E02A9E6AE000351AFF /* Build configuration list for PBXNativeTarget "medicamais" */;
			buildPhases = (
				5A7299B22A9E6ADE00351AFF /* Sources */,
				5A7299B32A9E6ADE00351AFF /* Frameworks */,
				5A7299B42A9E6ADE00351AFF /* Resources */,
			);
			buildRules = (
			);
			dependencies = (
			);
			name = medicamais;
			productName = medicamais;
			productReference = 5A7299B62A9E6ADE00351AFF /* medicamais.app */;
			productType = "com.apple.product-type.application";
		};
		5A7299CB2A9E6AE000351AFF /* medicamaisTests */ = {
			isa = PBXNativeTarget;
			buildConfigurationList = 5A7299E32A9E6AE000351AFF /* Build configuration list for PBXNativeTarget "medicamaisTests" */;
			buildPhases = (
				5A7299C82A9E6AE000351AFF /* Sources */,
				5A7299C92A9E6AE000351AFF /* Frameworks */,
				5A7299CA2A9E6AE000351AFF /* Resources */,
			);
			buildRules = (
			);
			dependencies = (
				5A7299CE2A9E6AE000351AFF /* PBXTargetDependency */,
			);
			name = medicamaisTests;
			productName = medicamaisTests;
			productReference = 5A7299CC2A9E6AE000351AFF /* medicamaisTests.xctest */;
			productType = "com.apple.product-type.bundle.unit-test";
		};
		5A7299D52A9E6AE000351AFF /* medicamaisUITests */ = {
			isa = PBXNativeTarget;
			buildConfigurationList = 5A7299E62A9E6AE000351AFF /* Build configuration list for PBXNativeTarget "medicamaisUITests" */;
			buildPhases = (
				5A7299D22A9E6AE000351AFF /* Sources */,
				5A7299D32A9E6AE000351AFF /* Frameworks */,
				5A7299D42A9E6AE000351AFF /* Resources */,
			);
			buildRules = (
			);
			dependencies = (
				5A7299D82A9E6AE000351AFF /* PBXTargetDependency */,
			);
			name = medicamaisUITests;
			productName = medicamaisUITests;
			productReference = 5A7299D62A9E6AE000351AFF /* medicamaisUITests.xctest */;
			productType = "com.apple.product-type.bundle.ui-testing";
		};
/* End PBXNativeTarget section */

/* Begin PBXProject section */
		5A7299AE2A9E6ADE00351AFF /* Project object */ = {
			isa = PBXProject;
			attributes = {
				BuildIndependentTargetsInParallel = 1;
				LastSwiftUpdateCheck = 1430;
				LastUpgradeCheck = 1430;
				TargetAttributes = {
					5A7299B52A9E6ADE00351AFF = {
						CreatedOnToolsVersion = 14.3.1;
					};
					5A7299CB2A9E6AE000351AFF = {
						CreatedOnToolsVersion = 14.3.1;
						TestTargetID = 5A7299B52A9E6ADE00351AFF;
					};
					5A7299D52A9E6AE000351AFF = {
						CreatedOnToolsVersion = 14.3.1;
						TestTargetID = 5A7299B52A9E6ADE00351AFF;
					};
				};
			};
			buildConfigurationList = 5A7299B12A9E6ADE00351AFF /* Build configuration list for PBXProject "medicamais" */;
			compatibilityVersion = "Xcode 14.0";
			developmentRegion = en;
			hasScannedForEncodings = 0;
			knownRegions = (
				en,
				Base,
			);
			mainGroup = 5A7299AD2A9E6ADE00351AFF;
			productRefGroup = 5A7299B72A9E6ADE00351AFF /* Products */;
			projectDirPath = "";
			projectRoot = "";
			targets = (
				5A7299B52A9E6ADE00351AFF /* medicamais */,
				5A7299CB2A9E6AE000351AFF /* medicamaisTests */,
				5A7299D52A9E6AE000351AFF /* medicamaisUITests */,
			);
		};
/* End PBXProject section */

/* Begin PBXResourcesBuildPhase section */
		5A7299B42A9E6ADE00351AFF /* Resources */ = {
			isa = PBXResourcesBuildPhase;
			buildActionMask = 2147483647;
			files = (
				5A7299C62A9E6AE000351AFF /* LaunchScreen.storyboard in Resources */,
				5A7299C32A9E6AE000351AFF /* Assets.xcassets in Resources */,
				5A7299C12A9E6ADE00351AFF /* Main.storyboard in Resources */,
			);
			runOnlyForDeploymentPostprocessing = 0;
		};
		5A7299CA2A9E6AE000351AFF /* Resources */ = {
			isa = PBXResourcesBuildPhase;
			buildActionMask = 2147483647;
			files = (
			);
			runOnlyForDeploymentPostprocessing = 0;
		};
		5A7299D42A9E6AE000351AFF /* Resources */ = {
			isa = PBXResourcesBuildPhase;
			buildActionMask = 2147483647;
			files = (
			);
			runOnlyForDeploymentPostprocessing = 0;
		};
/* End PBXResourcesBuildPhase section */

/* Begin PBXSourcesBuildPhase section */
		5A7299B22A9E6ADE00351AFF /* Sources */ = {
			isa = PBXSourcesBuildPhase;
			buildActionMask = 2147483647;
			files = (
				5A7299BE2A9E6ADE00351AFF /* ViewController.swift in Sources */,
				5A7299BA2A9E6ADE00351AFF /* AppDelegate.swift in Sources */,
				5A7299BC2A9E6ADE00351AFF /* SceneDelegate.swift in Sources */,
			);
			runOnlyForDeploymentPostprocessing = 0;
		};
		5A7299C82A9E6AE000351AFF /* Sources */ = {
			isa = PBXSourcesBuildPhase;
			buildActionMask = 2147483647;
			files = (
				5A7299D12A9E6AE000351AFF /* medicamaisTests.swift in Sources */,
			);
			runOnlyForDeploymentPostprocessing = 0;
		};
		5A7299D22A9E6AE000351AFF /* Sources */ = {
			isa = PBXSourcesBuildPhase;
			buildActionMask = 2147483647;
			files = (
				5A7299DB2A9E6AE000351AFF /* medicamaisUITests.swift in Sources */,
				5A7299DD2A9E6AE000351AFF /* medicamaisUITestsLaunchTests.swift in Sources */,
			);
			runOnlyForDeploymentPostprocessing = 0;
		};
/* End PBXSourcesBuildPhase section */

/* Begin PBXTargetDependency section */
		5A7299CE2A9E6AE000351AFF /* PBXTargetDependency */ = {
			isa = PBXTargetDependency;
			target = 5A7299B52A9E6ADE00351AFF /* medicamais */;
			targetProxy = 5A7299CD2A9E6AE000351AFF /* PBXContainerItemProxy */;
		};
		5A7299D82A9E6AE000351AFF /* PBXTargetDependency */ = {
			isa = PBXTargetDependency;
			target = 5A7299B52A9E6ADE00351AFF /* medicamais */;
			targetProxy = 5A7299D72A9E6AE000351AFF /* PBXContainerItemProxy */;
		};
/* End PBXTargetDependency section */

/* Begin PBXVariantGroup section */
		5A7299BF2A9E6ADE00351AFF /* Main.storyboard */ = {
			isa = PBXVariantGroup;
			children = (
				5A7299C02A9E6ADE00351AFF /* Base */,
			);
			name = Main.storyboard;
			sourceTree = "<group>";
		};
		5A7299C42A9E6AE000351AFF /* LaunchScreen.storyboard */ = {
			isa = PBXVariantGroup;
			children = (
				5A7299C52A9E6AE000351AFF /* Base */,
			);
			name = LaunchScreen.storyboard;
			sourceTree = "<group>";
		};
/* End PBXVariantGroup section */

/* Begin XCBuildConfiguration section */
		5A7299DE2A9E6AE000351AFF /* Debug */ = {
			isa = XCBuildConfiguration;
			buildSettings = {
				ALWAYS_SEARCH_USER_PATHS = NO;
				CLANG_ANALYZER_NONNULL = YES;
				CLANG_ANALYZER_NUMBER_OBJECT_CONVERSION = YES_AGGRESSIVE;
				CLANG_CXX_LANGUAGE_STANDARD = "gnu++20";
				CLANG_ENABLE_MODULES = YES;
				CLANG_ENABLE_OBJC_ARC = YES;
				CLANG_ENABLE_OBJC_WEAK = YES;
				CLANG_WARN_BLOCK_CAPTURE_AUTORELEASING = YES;
				CLANG_WARN_BOOL_CONVERSION = YES;
				CLANG_WARN_COMMA = YES;
				CLANG_WARN_CONSTANT_CONVERSION = YES;
				CLANG_WARN_DEPRECATED_OBJC_IMPLEMENTATIONS = YES;
				CLANG_WARN_DIRECT_OBJC_ISA_USAGE = YES_ERROR;
				CLANG_WARN_DOCUMENTATION_COMMENTS = YES;
				CLANG_WARN_EMPTY_BODY = YES;
				CLANG_WARN_ENUM_CONVERSION = YES;
				CLANG_WARN_INFINITE_RECURSION = YES;
				CLANG_WARN_INT_CONVERSION = YES;
				CLANG_WARN_NON_LITERAL_NULL_CONVERSION = YES;
				CLANG_WARN_OBJC_IMPLICIT_RETAIN_SELF = YES;
				CLANG_WARN_OBJC_LITERAL_CONVERSION = YES;
				CLANG_WARN_OBJC_ROOT_CLASS = YES_ERROR;
				CLANG_WARN_QUOTED_INCLUDE_IN_FRAMEWORK_HEADER = YES;
				CLANG_WARN_RANGE_LOOP_ANALYSIS = YES;
				CLANG_WARN_STRICT_PROTOTYPES = YES;
				CLANG_WARN_SUSPICIOUS_MOVE = YES;
				CLANG_WARN_UNGUARDED_AVAILABILITY = YES_AGGRESSIVE;
				CLANG_WARN_UNREACHABLE_CODE = YES;
				CLANG_WARN__DUPLICATE_METHOD_MATCH = YES;
				COPY_PHASE_STRIP = NO;
				DEBUG_INFORMATION_FORMAT = dwarf;
				ENABLE_STRICT_OBJC_MSGSEND = YES;
				ENABLE_TESTABILITY = YES;
				GCC_C_LANGUAGE_STANDARD = gnu11;
				GCC_DYNAMIC_NO_PIC = NO;
				GCC_NO_COMMON_BLOCKS = YES;
				GCC_OPTIMIZATION_LEVEL = 0;
				GCC_PREPROCESSOR_DEFINITIONS = (
					"DEBUG=1",
					"$(inherited)",
				);
				GCC_WARN_64_TO_32_BIT_CONVERSION = YES;
				GCC_WARN_ABOUT_RETURN_TYPE = YES_ERROR;
				GCC_WARN_UNDECLARED_SELECTOR = YES;
				GCC_WARN_UNINITIALIZED_AUTOS = YES_AGGRESSIVE;
				GCC_WARN_UNUSED_FUNCTION = YES;
				GCC_WARN_UNUSED_VARIABLE = YES;
				IPHONEOS_DEPLOYMENT_TARGET = 16.4;
				MTL_ENABLE_DEBUG_INFO = INCLUDE_SOURCE;
				MTL_FAST_MATH = YES;
				ONLY_ACTIVE_ARCH = YES;
				SDKROOT = iphoneos;
				SWIFT_ACTIVE_COMPILATION_CONDITIONS = DEBUG;
				SWIFT_OPTIMIZATION_LEVEL = "-Onone";
			};
			name = Debug;
		};
		5A7299DF2A9E6AE000351AFF /* Release */ = {
			isa = XCBuildConfiguration;
			buildSettings = {
				ALWAYS_SEARCH_USER_PATHS = NO;
				CLANG_ANALYZER_NONNULL = YES;
				CLANG_ANALYZER_NUMBER_OBJECT_CONVERSION = YES_AGGRESSIVE;
				CLANG_CXX_LANGUAGE_STANDARD = "gnu++20";
				CLANG_ENABLE_MODULES = YES;
				CLANG_ENABLE_OBJC_ARC = YES;
				CLANG_ENABLE_OBJC_WEAK = YES;
				CLANG_WARN_BLOCK_CAPTURE_AUTORELEASING = YES;
				CLANG_WARN_BOOL_CONVERSION = YES;
				CLANG_WARN_COMMA = YES;
				CLANG_WARN_CONSTANT_CONVERSION = YES;
				CLANG_WARN_DEPRECATED_OBJC_IMPLEMENTATIONS = YES;
				CLANG_WARN_DIRECT_OBJC_ISA_USAGE = YES_ERROR;
				CLANG_WARN_DOCUMENTATION_COMMENTS = YES;
				CLANG_WARN_EMPTY_BODY = YES;
				CLANG_WARN_ENUM_CONVERSION = YES;
				CLANG_WARN_INFINITE_RECURSION = YES;
				CLANG_WARN_INT_CONVERSION = YES;
				CLANG_WARN_NON_LITERAL_NULL_CONVERSION = YES;
				CLANG_WARN_OBJC_IMPLICIT_RETAIN_SELF = YES;
				CLANG_WARN_OBJC_LITERAL_CONVERSION = YES;
				CLANG_WARN_OBJC_ROOT_CLASS = YES_ERROR;
				CLANG_WARN_QUOTED_INCLUDE_IN_FRAMEWORK_HEADER = YES;
				CLANG_WARN_RANGE_LOOP_ANALYSIS = YES;
				CLANG_WARN_STRICT_PROTOTYPES = YES;
				CLANG_WARN_SUSPICIOUS_MOVE = YES;
				CLANG_WARN_UNGUARDED_AVAILABILITY = YES_AGGRESSIVE;
				CLANG_WARN_UNREACHABLE_CODE = YES;
				CLANG_WARN__DUPLICATE_METHOD_MATCH = YES;
				COPY_PHASE_STRIP = NO;
				DEBUG_INFORMATION_FORMAT = "dwarf-with-dsym";
				ENABLE_NS_ASSERTIONS = NO;
				ENABLE_STRICT_OBJC_MSGSEND = YES;
				GCC_C_LANGUAGE_STANDARD = gnu11;
				GCC_NO_COMMON_BLOCKS = YES;
				GCC_WARN_64_TO_32_BIT_CONVERSION = YES;
				GCC_WARN_ABOUT_RETURN_TYPE = YES_ERROR;
				GCC_WARN_UNDECLARED_SELECTOR = YES;
				GCC_WARN_UNINITIALIZED_AUTOS = YES_AGGRESSIVE;
				GCC_WARN_UNUSED_FUNCTION = YES;
				GCC_WARN_UNUSED_VARIABLE = YES;
				IPHONEOS_DEPLOYMENT_TARGET = 16.4;
				MTL_ENABLE_DEBUG_INFO = NO;
				MTL_FAST_MATH = YES;
				SDKROOT = iphoneos;
				SWIFT_COMPILATION_MODE = wholemodule;
				SWIFT_OPTIMIZATION_LEVEL = "-O";
				VALIDATE_PRODUCT = YES;
			};
			name = Release;
		};
		5A7299E12A9E6AE000351AFF /* Debug */ = {
			isa = XCBuildConfiguration;
			buildSettings = {
				ASSETCATALOG_COMPILER_APPICON_NAME = AppIcon;
				ASSETCATALOG_COMPILER_GLOBAL_ACCENT_COLOR_NAME = AccentColor;
				CODE_SIGN_STYLE = Automatic;
				CURRENT_PROJECT_VERSION = 1;
				DEVELOPMENT_TEAM = 8X88ZF42X9;
				GENERATE_INFOPLIST_FILE = YES;
				INFOPLIST_FILE = medicamais/Info.plist;
				INFOPLIST_KEY_UIApplicationSupportsIndirectInputEvents = YES;
				INFOPLIST_KEY_UILaunchStoryboardName = LaunchScreen;
				INFOPLIST_KEY_UIMainStoryboardFile = Main;
				INFOPLIST_KEY_UISupportedInterfaceOrientations_iPad = "UIInterfaceOrientationPortrait UIInterfaceOrientationPortraitUpsideDown UIInterfaceOrientationLandscapeLeft UIInterfaceOrientationLandscapeRight";
				INFOPLIST_KEY_UISupportedInterfaceOrientations_iPhone = "UIInterfaceOrientationPortrait UIInterfaceOrientationLandscapeLeft UIInterfaceOrientationLandscapeRight";
				LD_RUNPATH_SEARCH_PATHS = (
					"$(inherited)",
					"@executable_path/Frameworks",
				);
				MARKETING_VERSION = 1.0;
				PRODUCT_BUNDLE_IDENTIFIER = com.viaoceanica.medicamais;
				PRODUCT_NAME = "$(TARGET_NAME)";
				SWIFT_EMIT_LOC_STRINGS = YES;
				SWIFT_VERSION = 5.0;
				TARGETED_DEVICE_FAMILY = "1,2";
			};
			name = Debug;
		};
		5A7299E22A9E6AE000351AFF /* Release */ = {
			isa = XCBuildConfiguration;
			buildSettings = {
				ASSETCATALOG_COMPILER_APPICON_NAME = AppIcon;
				ASSETCATALOG_COMPILER_GLOBAL_ACCENT_COLOR_NAME = AccentColor;
				CODE_SIGN_STYLE = Automatic;
				CURRENT_PROJECT_VERSION = 1;
				DEVELOPMENT_TEAM = 8X88ZF42X9;
				GENERATE_INFOPLIST_FILE = YES;
				INFOPLIST_FILE = medicamais/Info.plist;
				INFOPLIST_KEY_UIApplicationSupportsIndirectInputEvents = YES;
				INFOPLIST_KEY_UILaunchStoryboardName = LaunchScreen;
				INFOPLIST_KEY_UIMainStoryboardFile = Main;
				INFOPLIST_KEY_UISupportedInterfaceOrientations_iPad = "UIInterfaceOrientationPortrait UIInterfaceOrientationPortraitUpsideDown UIInterfaceOrientationLandscapeLeft UIInterfaceOrientationLandscapeRight";
				INFOPLIST_KEY_UISupportedInterfaceOrientations_iPhone = "UIInterfaceOrientationPortrait UIInterfaceOrientationLandscapeLeft UIInterfaceOrientationLandscapeRight";
				LD_RUNPATH_SEARCH_PATHS = (
					"$(inherited)",
					"@executable_path/Frameworks",
				);
				MARKETING_VERSION = 1.0;
				PRODUCT_BUNDLE_IDENTIFIER = com.viaoceanica.medicamais;
				PRODUCT_NAME = "$(TARGET_NAME)";
				SWIFT_EMIT_LOC_STRINGS = YES;
				SWIFT_VERSION = 5.0;
				TARGETED_DEVICE_FAMILY = "1,2";
			};
			name = Release;
		};
		5A7299E42A9E6AE000351AFF /* Debug */ = {
			isa = XCBuildConfiguration;
			buildSettings = {
				ALWAYS_EMBED_SWIFT_STANDARD_LIBRARIES = YES;
				BUNDLE_LOADER = "$(TEST_HOST)";
				CODE_SIGN_STYLE = Automatic;
				CURRENT_PROJECT_VERSION = 1;
				DEVELOPMENT_TEAM = 8X88ZF42X9;
				GENERATE_INFOPLIST_FILE = YES;
				IPHONEOS_DEPLOYMENT_TARGET = 16.4;
				MARKETING_VERSION = 1.0;
				PRODUCT_BUNDLE_IDENTIFIER = com.viaoceanica.medicamaisTests;
				PRODUCT_NAME = "$(TARGET_NAME)";
				SWIFT_EMIT_LOC_STRINGS = NO;
				SWIFT_VERSION = 5.0;
				TARGETED_DEVICE_FAMILY = "1,2";
				TEST_HOST = "$(BUILT_PRODUCTS_DIR)/medicamais.app/$(BUNDLE_EXECUTABLE_FOLDER_PATH)/medicamais";
			};
			name = Debug;
		};
		5A7299E52A9E6AE000351AFF /* Release */ = {
			isa = XCBuildConfiguration;
			buildSettings = {
				ALWAYS_EMBED_SWIFT_STANDARD_LIBRARIES = YES;
				BUNDLE_LOADER = "$(TEST_HOST)";
				CODE_SIGN_STYLE = Automatic;
				CURRENT_PROJECT_VERSION = 1;
				DEVELOPMENT_TEAM = 8X88ZF42X9;
				GENERATE_INFOPLIST_FILE = YES;
				IPHONEOS_DEPLOYMENT_TARGET = 16.4;
				MARKETING_VERSION = 1.0;
				PRODUCT_BUNDLE_IDENTIFIER = com.viaoceanica.medicamaisTests;
				PRODUCT_NAME = "$(TARGET_NAME)";
				SWIFT_EMIT_LOC_STRINGS = NO;
				SWIFT_VERSION = 5.0;
				TARGETED_DEVICE_FAMILY = "1,2";
				TEST_HOST = "$(BUILT_PRODUCTS_DIR)/medicamais.app/$(BUNDLE_EXECUTABLE_FOLDER_PATH)/medicamais";
			};
			name = Release;
		};
		5A7299E72A9E6AE000351AFF /* Debug */ = {
			isa = XCBuildConfiguration;
			buildSettings = {
				ALWAYS_EMBED_SWIFT_STANDARD_LIBRARIES = YES;
				CODE_SIGN_STYLE = Automatic;
				CURRENT_PROJECT_VERSION = 1;
				DEVELOPMENT_TEAM = 8X88ZF42X9;
				GENERATE_INFOPLIST_FILE = YES;
				MARKETING_VERSION = 1.0;
				PRODUCT_BUNDLE_IDENTIFIER = com.viaoceanica.medicamaisUITests;
				PRODUCT_NAME = "$(TARGET_NAME)";
				SWIFT_EMIT_LOC_STRINGS = NO;
				SWIFT_VERSION = 5.0;
				TARGETED_DEVICE_FAMILY = "1,2";
				TEST_TARGET_NAME = medicamais;
			};
			name = Debug;
		};
		5A7299E82A9E6AE000351AFF /* Release */ = {
			isa = XCBuildConfiguration;
			buildSettings = {
				ALWAYS_EMBED_SWIFT_STANDARD_LIBRARIES = YES;
				CODE_SIGN_STYLE = Automatic;
				CURRENT_PROJECT_VERSION = 1;
				DEVELOPMENT_TEAM = 8X88ZF42X9;
				GENERATE_INFOPLIST_FILE = YES;
				MARKETING_VERSION = 1.0;
				PRODUCT_BUNDLE_IDENTIFIER = com.viaoceanica.medicamaisUITests;
				PRODUCT_NAME = "$(TARGET_NAME)";
				SWIFT_EMIT_LOC_STRINGS = NO;
				SWIFT_VERSION = 5.0;
				TARGETED_DEVICE_FAMILY = "1,2";
				TEST_TARGET_NAME = medicamais;
			};
			name = Release;
		};
/* End XCBuildConfiguration section */

/* Begin XCConfigurationList section */
		5A7299B12A9E6ADE00351AFF /* Build configuration list for PBXProject "medicamais" */ = {
			isa = XCConfigurationList;
			buildConfigurations = (
				5A7299DE2A9E6AE000351AFF /* Debug */,
				5A7299DF2A9E6AE000351AFF /* Release */,
			);
			defaultConfigurationIsVisible = 0;
			defaultConfigurationName = Release;
		};
		5A7299E02A9E6AE000351AFF /* Build configuration list for PBXNativeTarget "medicamais" */ = {
			isa = XCConfigurationList;
			buildConfigurations = (
				5A7299E12A9E6AE000351AFF /* Debug */,
				5A7299E22A9E6AE000351AFF /* Release */,
			);
			defaultConfigurationIsVisible = 0;
			defaultConfigurationName = Release;
		};
		5A7299E32A9E6AE000351AFF /* Build configuration list for PBXNativeTarget "medicamaisTests" */ = {
			isa = XCConfigurationList;
			buildConfigurations = (
				5A7299E42A9E6AE000351AFF /* Debug */,
				5A7299E52A9E6AE000351AFF /* Release */,
			);
			defaultConfigurationIsVisible = 0;
			defaultConfigurationName = Release;
		};
		5A7299E62A9E6AE000351AFF /* Build configuration list for PBXNativeTarget "medicamaisUITests" */ = {
			isa = XCConfigurationList;
			buildConfigurations = (
				5A7299E72A9E6AE000351AFF /* Debug */,
				5A7299E82A9E6AE000351AFF /* Release */,
			);
			defaultConfigurationIsVisible = 0;
			defaultConfigurationName = Release;
		};
/* End XCConfigurationList section */
	};
	rootObject = 5A7299AE2A9E6ADE00351AFF /* Project object */;
}
